// !$*UTF8*$!
{
	archiveVersion = 1;
	classes = {
	};
	objectVersion = 56;
	objects = {

/* Begin PBXBuildFile section */
		371A01492C65345B0051A032 /* food_searchApp.swift in Sources */ = {isa = PBXBuildFile; fileRef = 371A01482C65345B0051A032 /* food_searchApp.swift */; };
		371A014B2C65345B0051A032 /* ContentView.swift in Sources */ = {isa = PBXBuildFile; fileRef = 371A014A2C65345B0051A032 /* ContentView.swift */; };
		371A014D2C6534610051A032 /* Assets.xcassets in Resources */ = {isa = PBXBuildFile; fileRef = 371A014C2C6534610051A032 /* Assets.xcassets */; };
		371A01502C6534610051A032 /* Preview Assets.xcassets in Resources */ = {isa = PBXBuildFile; fileRef = 371A014F2C6534610051A032 /* Preview Assets.xcassets */; };
		371A01522C6534610051A032 /* Persistence.swift in Sources */ = {isa = PBXBuildFile; fileRef = 371A01512C6534610051A032 /* Persistence.swift */; };
		371A01552C6534610051A032 /* food_search.xcdatamodeld in Sources */ = {isa = PBXBuildFile; fileRef = 371A01532C6534610051A032 /* food_search.xcdatamodeld */; };
		371A015F2C6534620051A032 /* food_searchTests.swift in Sources */ = {isa = PBXBuildFile; fileRef = 371A015E2C6534620051A032 /* food_searchTests.swift */; };
		371A01692C6534620051A032 /* food_searchUITests.swift in Sources */ = {isa = PBXBuildFile; fileRef = 371A01682C6534620051A032 /* food_searchUITests.swift */; };
		371A016B2C6534620051A032 /* food_searchUITestsLaunchTests.swift in Sources */ = {isa = PBXBuildFile; fileRef = 371A016A2C6534620051A032 /* food_searchUITestsLaunchTests.swift */; };
/* End PBXBuildFile section */

/* Begin PBXContainerItemProxy section */
		371A015B2C6534620051A032 /* PBXContainerItemProxy */ = {
			isa = PBXContainerItemProxy;
			containerPortal = 371A013D2C65345B0051A032 /* Project object */;
			proxyType = 1;
			remoteGlobalIDString = 371A01442C65345B0051A032;
			remoteInfo = "food-search";
		};
		371A01652C6534620051A032 /* PBXContainerItemProxy */ = {
			isa = PBXContainerItemProxy;
			containerPortal = 371A013D2C65345B0051A032 /* Project object */;
			proxyType = 1;
			remoteGlobalIDString = 371A01442C65345B0051A032;
			remoteInfo = "food-search";
		};
/* End PBXContainerItemProxy section */

/* Begin PBXFileReference section */
		371A01452C65345B0051A032 /* food-search.app */ = {isa = PBXFileReference; explicitFileType = wrapper.application; includeInIndex = 0; path = "food-search.app"; sourceTree = BUILT_PRODUCTS_DIR; };
		371A01482C65345B0051A032 /* food_searchApp.swift */ = {isa = PBXFileReference; lastKnownFileType = sourcecode.swift; path = food_searchApp.swift; sourceTree = "<group>"; };
		371A014A2C65345B0051A032 /* ContentView.swift */ = {isa = PBXFileReference; lastKnownFileType = sourcecode.swift; path = ContentView.swift; sourceTree = "<group>"; };
		371A014C2C6534610051A032 /* Assets.xcassets */ = {isa = PBXFileReference; lastKnownFileType = folder.assetcatalog; path = Assets.xcassets; sourceTree = "<group>"; };
		371A014F2C6534610051A032 /* Preview Assets.xcassets */ = {isa = PBXFileReference; lastKnownFileType = folder.assetcatalog; path = "Preview Assets.xcassets"; sourceTree = "<group>"; };
		371A01512C6534610051A032 /* Persistence.swift */ = {isa = PBXFileReference; lastKnownFileType = sourcecode.swift; path = Persistence.swift; sourceTree = "<group>"; };
		371A01542C6534610051A032 /* food_search.xcdatamodel */ = {isa = PBXFileReference; lastKnownFileType = wrapper.xcdatamodel; path = food_search.xcdatamodel; sourceTree = "<group>"; };
		371A015A2C6534620051A032 /* food-searchTests.xctest */ = {isa = PBXFileReference; explicitFileType = wrapper.cfbundle; includeInIndex = 0; path = "food-searchTests.xctest"; sourceTree = BUILT_PRODUCTS_DIR; };
		371A015E2C6534620051A032 /* food_searchTests.swift */ = {isa = PBXFileReference; lastKnownFileType = sourcecode.swift; path = food_searchTests.swift; sourceTree = "<group>"; };
		371A01642C6534620051A032 /* food-searchUITests.xctest */ = {isa = PBXFileReference; explicitFileType = wrapper.cfbundle; includeInIndex = 0; path = "food-searchUITests.xctest"; sourceTree = BUILT_PRODUCTS_DIR; };
		371A01682C6534620051A032 /* food_searchUITests.swift */ = {isa = PBXFileReference; lastKnownFileType = sourcecode.swift; path = food_searchUITests.swift; sourceTree = "<group>"; };
		371A016A2C6534620051A032 /* food_searchUITestsLaunchTests.swift */ = {isa = PBXFileReference; lastKnownFileType = sourcecode.swift; path = food_searchUITestsLaunchTests.swift; sourceTree = "<group>"; };
/* End PBXFileReference section */

/* Begin PBXFrameworksBuildPhase section */
		371A01422C65345B0051A032 /* Frameworks */ = {
			isa = PBXFrameworksBuildPhase;
			buildActionMask = 2147483647;
			files = (
			);
			runOnlyForDeploymentPostprocessing = 0;
		};
		371A01572C6534620051A032 /* Frameworks */ = {
			isa = PBXFrameworksBuildPhase;
			buildActionMask = 2147483647;
			files = (
			);
			runOnlyForDeploymentPostprocessing = 0;
		};
		371A01612C6534620051A032 /* Frameworks */ = {
			isa = PBXFrameworksBuildPhase;
			buildActionMask = 2147483647;
			files = (
			);
			runOnlyForDeploymentPostprocessing = 0;
		};
/* End PBXFrameworksBuildPhase section */

/* Begin PBXGroup section */
		371A013C2C65345B0051A032 = {
			isa = PBXGroup;
			children = (
				371A01472C65345B0051A032 /* food-search */,
				371A015D2C6534620051A032 /* food-searchTests */,
				371A01672C6534620051A032 /* food-searchUITests */,
				371A01462C65345B0051A032 /* Products */,
			);
			sourceTree = "<group>";
		};
		371A01462C65345B0051A032 /* Products */ = {
			isa = PBXGroup;
			children = (
				371A01452C65345B0051A032 /* food-search.app */,
				371A015A2C6534620051A032 /* food-searchTests.xctest */,
				371A01642C6534620051A032 /* food-searchUITests.xctest */,
			);
			name = Products;
			sourceTree = "<group>";
		};
		371A01472C65345B0051A032 /* food-search */ = {
			isa = PBXGroup;
			children = (
				371A01482C65345B0051A032 /* food_searchApp.swift */,
				371A014A2C65345B0051A032 /* ContentView.swift */,
				371A014C2C6534610051A032 /* Assets.xcassets */,
				371A01512C6534610051A032 /* Persistence.swift */,
				371A01532C6534610051A032 /* food_search.xcdatamodeld */,
				371A014E2C6534610051A032 /* Preview Content */,
			);
			path = "food-search";
			sourceTree = "<group>";
		};
		371A014E2C6534610051A032 /* Preview Content */ = {
			isa = PBXGroup;
			children = (
				371A014F2C6534610051A032 /* Preview Assets.xcassets */,
			);
			path = "Preview Content";
			sourceTree = "<group>";
		};
		371A015D2C6534620051A032 /* food-searchTests */ = {
			isa = PBXGroup;
			children = (
				371A015E2C6534620051A032 /* food_searchTests.swift */,
			);
			path = "food-searchTests";
			sourceTree = "<group>";
		};
		371A01672C6534620051A032 /* food-searchUITests */ = {
			isa = PBXGroup;
			children = (
				371A01682C6534620051A032 /* food_searchUITests.swift */,
				371A016A2C6534620051A032 /* food_searchUITestsLaunchTests.swift */,
			);
			path = "food-searchUITests";
			sourceTree = "<group>";
		};
/* End PBXGroup section */

/* Begin PBXNativeTarget section */
		371A01442C65345B0051A032 /* food-search */ = {
			isa = PBXNativeTarget;
			buildConfigurationList = 371A016E2C6534620051A032 /* Build configuration list for PBXNativeTarget "food-search" */;
			buildPhases = (
				371A01412C65345B0051A032 /* Sources */,
				371A01422C65345B0051A032 /* Frameworks */,
				371A01432C65345B0051A032 /* Resources */,
			);
			buildRules = (
			);
			dependencies = (
			);
			name = "food-search";
			productName = "food-search";
			productReference = 371A01452C65345B0051A032 /* food-search.app */;
			productType = "com.apple.product-type.application";
		};
		371A01592C6534620051A032 /* food-searchTests */ = {
			isa = PBXNativeTarget;
			buildConfigurationList = 371A01712C6534620051A032 /* Build configuration list for PBXNativeTarget "food-searchTests" */;
			buildPhases = (
				371A01562C6534620051A032 /* Sources */,
				371A01572C6534620051A032 /* Frameworks */,
				371A01582C6534620051A032 /* Resources */,
			);
			buildRules = (
			);
			dependencies = (
				371A015C2C6534620051A032 /* PBXTargetDependency */,
			);
			name = "food-searchTests";
			productName = "food-searchTests";
			productReference = 371A015A2C6534620051A032 /* food-searchTests.xctest */;
			productType = "com.apple.product-type.bundle.unit-test";
		};
		371A01632C6534620051A032 /* food-searchUITests */ = {
			isa = PBXNativeTarget;
			buildConfigurationList = 371A01742C6534620051A032 /* Build configuration list for PBXNativeTarget "food-searchUITests" */;
			buildPhases = (
				371A01602C6534620051A032 /* Sources */,
				371A01612C6534620051A032 /* Frameworks */,
				371A01622C6534620051A032 /* Resources */,
			);
			buildRules = (
			);
			dependencies = (
				371A01662C6534620051A032 /* PBXTargetDependency */,
			);
			name = "food-searchUITests";
			productName = "food-searchUITests";
			productReference = 371A01642C6534620051A032 /* food-searchUITests.xctest */;
			productType = "com.apple.product-type.bundle.ui-testing";
		};
/* End PBXNativeTarget section */

/* Begin PBXProject section */
		371A013D2C65345B0051A032 /* Project object */ = {
			isa = PBXProject;
			attributes = {
				BuildIndependentTargetsInParallel = 1;
				LastSwiftUpdateCheck = 1430;
				LastUpgradeCheck = 1430;
				TargetAttributes = {
					371A01442C65345B0051A032 = {
						CreatedOnToolsVersion = 14.3.1;
					};
					371A01592C6534620051A032 = {
						CreatedOnToolsVersion = 14.3.1;
						TestTargetID = 371A01442C65345B0051A032;
					};
					371A01632C6534620051A032 = {
						CreatedOnToolsVersion = 14.3.1;
						TestTargetID = 371A01442C65345B0051A032;
					};
				};
			};
			buildConfigurationList = 371A01402C65345B0051A032 /* Build configuration list for PBXProject "food-search" */;
			compatibilityVersion = "Xcode 14.0";
			developmentRegion = en;
			hasScannedForEncodings = 0;
			knownRegions = (
				en,
				Base,
			);
			mainGroup = 371A013C2C65345B0051A032;
			productRefGroup = 371A01462C65345B0051A032 /* Products */;
			projectDirPath = "";
			projectRoot = "";
			targets = (
				371A01442C65345B0051A032 /* food-search */,
				371A01592C6534620051A032 /* food-searchTests */,
				371A01632C6534620051A032 /* food-searchUITests */,
			);
		};
/* End PBXProject section */

/* Begin PBXResourcesBuildPhase section */
		371A01432C65345B0051A032 /* Resources */ = {
			isa = PBXResourcesBuildPhase;
			buildActionMask = 2147483647;
			files = (
				371A01502C6534610051A032 /* Preview Assets.xcassets in Resources */,
				371A014D2C6534610051A032 /* Assets.xcassets in Resources */,
			);
			runOnlyForDeploymentPostprocessing = 0;
		};
		371A01582C6534620051A032 /* Resources */ = {
			isa = PBXResourcesBuildPhase;
			buildActionMask = 2147483647;
			files = (
			);
			runOnlyForDeploymentPostprocessing = 0;
		};
		371A01622C6534620051A032 /* Resources */ = {
			isa = PBXResourcesBuildPhase;
			buildActionMask = 2147483647;
			files = (
			);
			runOnlyForDeploymentPostprocessing = 0;
		};
/* End PBXResourcesBuildPhase section */

/* Begin PBXSourcesBuildPhase section */
		371A01412C65345B0051A032 /* Sources */ = {
			isa = PBXSourcesBuildPhase;
			buildActionMask = 2147483647;
			files = (
				371A01522C6534610051A032 /* Persistence.swift in Sources */,
				371A01552C6534610051A032 /* food_search.xcdatamodeld in Sources */,
				371A014B2C65345B0051A032 /* ContentView.swift in Sources */,
				371A01492C65345B0051A032 /* food_searchApp.swift in Sources */,
			);
			runOnlyForDeploymentPostprocessing = 0;
		};
		371A01562C6534620051A032 /* Sources */ = {
			isa = PBXSourcesBuildPhase;
			buildActionMask = 2147483647;
			files = (
				371A015F2C6534620051A032 /* food_searchTests.swift in Sources */,
			);
			runOnlyForDeploymentPostprocessing = 0;
		};
		371A01602C6534620051A032 /* Sources */ = {
			isa = PBXSourcesBuildPhase;
			buildActionMask = 2147483647;
			files = (
				371A016B2C6534620051A032 /* food_searchUITestsLaunchTests.swift in Sources */,
				371A01692C6534620051A032 /* food_searchUITests.swift in Sources */,
			);
			runOnlyForDeploymentPostprocessing = 0;
		};
/* End PBXSourcesBuildPhase section */

/* Begin PBXTargetDependency section */
		371A015C2C6534620051A032 /* PBXTargetDependency */ = {
			isa = PBXTargetDependency;
			target = 371A01442C65345B0051A032 /* food-search */;
			targetProxy = 371A015B2C6534620051A032 /* PBXContainerItemProxy */;
		};
		371A01662C6534620051A032 /* PBXTargetDependency */ = {
			isa = PBXTargetDependency;
			target = 371A01442C65345B0051A032 /* food-search */;
			targetProxy = 371A01652C6534620051A032 /* PBXContainerItemProxy */;
		};
/* End PBXTargetDependency section */

/* Begin XCBuildConfiguration section */
		371A016C2C6534620051A032 /* Debug */ = {
			isa = XCBuildConfiguration;
			buildSettings = {
				ALWAYS_SEARCH_USER_PATHS = NO;
				CLANG_ANALYZER_NONNULL = YES;
				CLANG_ANALYZER_NUMBER_OBJECT_CONVERSION = YES_AGGRESSIVE;
				CLANG_CXX_LANGUAGE_STANDARD = "gnu++20";
				CLANG_ENABLE_MODULES = YES;
				CLANG_ENABLE_OBJC_ARC = YES;
				CLANG_ENABLE_OBJC_WEAK = YES;
				CLANG_WARN_BLOCK_CAPTURE_AUTORELEASING = YES;
				CLANG_WARN_BOOL_CONVERSION = YES;
				CLANG_WARN_COMMA = YES;
				CLANG_WARN_CONSTANT_CONVERSION = YES;
				CLANG_WARN_DEPRECATED_OBJC_IMPLEMENTATIONS = YES;
				CLANG_WARN_DIRECT_OBJC_ISA_USAGE = YES_ERROR;
				CLANG_WARN_DOCUMENTATION_COMMENTS = YES;
				CLANG_WARN_EMPTY_BODY = YES;
				CLANG_WARN_ENUM_CONVERSION = YES;
				CLANG_WARN_INFINITE_RECURSION = YES;
				CLANG_WARN_INT_CONVERSION = YES;
				CLANG_WARN_NON_LITERAL_NULL_CONVERSION = YES;
				CLANG_WARN_OBJC_IMPLICIT_RETAIN_SELF = YES;
				CLANG_WARN_OBJC_LITERAL_CONVERSION = YES;
				CLANG_WARN_OBJC_ROOT_CLASS = YES_ERROR;
				CLANG_WARN_QUOTED_INCLUDE_IN_FRAMEWORK_HEADER = YES;
				CLANG_WARN_RANGE_LOOP_ANALYSIS = YES;
				CLANG_WARN_STRICT_PROTOTYPES = YES;
				CLANG_WARN_SUSPICIOUS_MOVE = YES;
				CLANG_WARN_UNGUARDED_AVAILABILITY = YES_AGGRESSIVE;
				CLANG_WARN_UNREACHABLE_CODE = YES;
				CLANG_WARN__DUPLICATE_METHOD_MATCH = YES;
				COPY_PHASE_STRIP = NO;
				DEBUG_INFORMATION_FORMAT = dwarf;
				ENABLE_STRICT_OBJC_MSGSEND = YES;
				ENABLE_TESTABILITY = YES;
				GCC_C_LANGUAGE_STANDARD = gnu11;
				GCC_DYNAMIC_NO_PIC = NO;
				GCC_NO_COMMON_BLOCKS = YES;
				GCC_OPTIMIZATION_LEVEL = 0;
				GCC_PREPROCESSOR_DEFINITIONS = (
					"DEBUG=1",
					"$(inherited)",
				);
				GCC_WARN_64_TO_32_BIT_CONVERSION = YES;
				GCC_WARN_ABOUT_RETURN_TYPE = YES_ERROR;
				GCC_WARN_UNDECLARED_SELECTOR = YES;
				GCC_WARN_UNINITIALIZED_AUTOS = YES_AGGRESSIVE;
				GCC_WARN_UNUSED_FUNCTION = YES;
				GCC_WARN_UNUSED_VARIABLE = YES;
				IPHONEOS_DEPLOYMENT_TARGET = 16.4;
				MTL_ENABLE_DEBUG_INFO = INCLUDE_SOURCE;
				MTL_FAST_MATH = YES;
				ONLY_ACTIVE_ARCH = YES;
				SDKROOT = iphoneos;
				SWIFT_ACTIVE_COMPILATION_CONDITIONS = DEBUG;
				SWIFT_OPTIMIZATION_LEVEL = "-Onone";
			};
			name = Debug;
		};
		371A016D2C6534620051A032 /* Release */ = {
			isa = XCBuildConfiguration;
			buildSettings = {
				ALWAYS_SEARCH_USER_PATHS = NO;
				CLANG_ANALYZER_NONNULL = YES;
				CLANG_ANALYZER_NUMBER_OBJECT_CONVERSION = YES_AGGRESSIVE;
				CLANG_CXX_LANGUAGE_STANDARD = "gnu++20";
				CLANG_ENABLE_MODULES = YES;
				CLANG_ENABLE_OBJC_ARC = YES;
				CLANG_ENABLE_OBJC_WEAK = YES;
				CLANG_WARN_BLOCK_CAPTURE_AUTORELEASING = YES;
				CLANG_WARN_BOOL_CONVERSION = YES;
				CLANG_WARN_COMMA = YES;
				CLANG_WARN_CONSTANT_CONVERSION = YES;
				CLANG_WARN_DEPRECATED_OBJC_IMPLEMENTATIONS = YES;
				CLANG_WARN_DIRECT_OBJC_ISA_USAGE = YES_ERROR;
				CLANG_WARN_DOCUMENTATION_COMMENTS = YES;
				CLANG_WARN_EMPTY_BODY = YES;
				CLANG_WARN_ENUM_CONVERSION = YES;
				CLANG_WARN_INFINITE_RECURSION = YES;
				CLANG_WARN_INT_CONVERSION = YES;
				CLANG_WARN_NON_LITERAL_NULL_CONVERSION = YES;
				CLANG_WARN_OBJC_IMPLICIT_RETAIN_SELF = YES;
				CLANG_WARN_OBJC_LITERAL_CONVERSION = YES;
				CLANG_WARN_OBJC_ROOT_CLASS = YES_ERROR;
				CLANG_WARN_QUOTED_INCLUDE_IN_FRAMEWORK_HEADER = YES;
				CLANG_WARN_RANGE_LOOP_ANALYSIS = YES;
				CLANG_WARN_STRICT_PROTOTYPES = YES;
				CLANG_WARN_SUSPICIOUS_MOVE = YES;
				CLANG_WARN_UNGUARDED_AVAILABILITY = YES_AGGRESSIVE;
				CLANG_WARN_UNREACHABLE_CODE = YES;
				CLANG_WARN__DUPLICATE_METHOD_MATCH = YES;
				COPY_PHASE_STRIP = NO;
				DEBUG_INFORMATION_FORMAT = "dwarf-with-dsym";
				ENABLE_NS_ASSERTIONS = NO;
				ENABLE_STRICT_OBJC_MSGSEND = YES;
				GCC_C_LANGUAGE_STANDARD = gnu11;
				GCC_NO_COMMON_BLOCKS = YES;
				GCC_WARN_64_TO_32_BIT_CONVERSION = YES;
				GCC_WARN_ABOUT_RETURN_TYPE = YES_ERROR;
				GCC_WARN_UNDECLARED_SELECTOR = YES;
				GCC_WARN_UNINITIALIZED_AUTOS = YES_AGGRESSIVE;
				GCC_WARN_UNUSED_FUNCTION = YES;
				GCC_WARN_UNUSED_VARIABLE = YES;
				IPHONEOS_DEPLOYMENT_TARGET = 16.4;
				MTL_ENABLE_DEBUG_INFO = NO;
				MTL_FAST_MATH = YES;
				SDKROOT = iphoneos;
				SWIFT_COMPILATION_MODE = wholemodule;
				SWIFT_OPTIMIZATION_LEVEL = "-O";
				VALIDATE_PRODUCT = YES;
			};
			name = Release;
		};
		371A016F2C6534620051A032 /* Debug */ = {
			isa = XCBuildConfiguration;
			buildSettings = {
				ASSETCATALOG_COMPILER_APPICON_NAME = AppIcon;
				ASSETCATALOG_COMPILER_GLOBAL_ACCENT_COLOR_NAME = AccentColor;
				CODE_SIGN_STYLE = Automatic;
				CURRENT_PROJECT_VERSION = 1;
				DEVELOPMENT_ASSET_PATHS = "\"food-search/Preview Content\"";
				DEVELOPMENT_TEAM = 56LME28RR4;
				ENABLE_PREVIEWS = YES;
				GENERATE_INFOPLIST_FILE = YES;
				INFOPLIST_KEY_UIApplicationSceneManifest_Generation = YES;
				INFOPLIST_KEY_UIApplicationSupportsIndirectInputEvents = YES;
				INFOPLIST_KEY_UILaunchScreen_Generation = YES;
				INFOPLIST_KEY_UISupportedInterfaceOrientations_iPad = "UIInterfaceOrientationPortrait UIInterfaceOrientationPortraitUpsideDown UIInterfaceOrientationLandscapeLeft UIInterfaceOrientationLandscapeRight";
				INFOPLIST_KEY_UISupportedInterfaceOrientations_iPhone = "UIInterfaceOrientationPortrait UIInterfaceOrientationLandscapeLeft UIInterfaceOrientationLandscapeRight";
				LD_RUNPATH_SEARCH_PATHS = (
					"$(inherited)",
					"@executable_path/Frameworks",
				);
				MARKETING_VERSION = 1.0;
				PRODUCT_BUNDLE_IDENTIFIER = "jdriselvato.food-search";
				PRODUCT_NAME = "$(TARGET_NAME)";
				SWIFT_EMIT_LOC_STRINGS = YES;
				SWIFT_VERSION = 5.0;
				TARGETED_DEVICE_FAMILY = "1,2";
			};
			name = Debug;
		};
		371A01702C6534620051A032 /* Release */ = {
			isa = XCBuildConfiguration;
			buildSettings = {
				ASSETCATALOG_COMPILER_APPICON_NAME = AppIcon;
				ASSETCATALOG_COMPILER_GLOBAL_ACCENT_COLOR_NAME = AccentColor;
				CODE_SIGN_STYLE = Automatic;
				CURRENT_PROJECT_VERSION = 1;
				DEVELOPMENT_ASSET_PATHS = "\"food-search/Preview Content\"";
				DEVELOPMENT_TEAM = 56LME28RR4;
				ENABLE_PREVIEWS = YES;
				GENERATE_INFOPLIST_FILE = YES;
				INFOPLIST_KEY_UIApplicationSceneManifest_Generation = YES;
				INFOPLIST_KEY_UIApplicationSupportsIndirectInputEvents = YES;
				INFOPLIST_KEY_UILaunchScreen_Generation = YES;
				INFOPLIST_KEY_UISupportedInterfaceOrientations_iPad = "UIInterfaceOrientationPortrait UIInterfaceOrientationPortraitUpsideDown UIInterfaceOrientationLandscapeLeft UIInterfaceOrientationLandscapeRight";
				INFOPLIST_KEY_UISupportedInterfaceOrientations_iPhone = "UIInterfaceOrientationPortrait UIInterfaceOrientationLandscapeLeft UIInterfaceOrientationLandscapeRight";
				LD_RUNPATH_SEARCH_PATHS = (
					"$(inherited)",
					"@executable_path/Frameworks",
				);
				MARKETING_VERSION = 1.0;
				PRODUCT_BUNDLE_IDENTIFIER = "jdriselvato.food-search";
				PRODUCT_NAME = "$(TARGET_NAME)";
				SWIFT_EMIT_LOC_STRINGS = YES;
				SWIFT_VERSION = 5.0;
				TARGETED_DEVICE_FAMILY = "1,2";
			};
			name = Release;
		};
		371A01722C6534620051A032 /* Debug */ = {
			isa = XCBuildConfiguration;
			buildSettings = {
				ALWAYS_EMBED_SWIFT_STANDARD_LIBRARIES = YES;
				BUNDLE_LOADER = "$(TEST_HOST)";
				CODE_SIGN_STYLE = Automatic;
				CURRENT_PROJECT_VERSION = 1;
				DEVELOPMENT_TEAM = 56LME28RR4;
				GENERATE_INFOPLIST_FILE = YES;
				IPHONEOS_DEPLOYMENT_TARGET = 16.4;
				MARKETING_VERSION = 1.0;
				PRODUCT_BUNDLE_IDENTIFIER = "jdriselvato.food-searchTests";
				PRODUCT_NAME = "$(TARGET_NAME)";
				SWIFT_EMIT_LOC_STRINGS = NO;
				SWIFT_VERSION = 5.0;
				TARGETED_DEVICE_FAMILY = "1,2";
				TEST_HOST = "$(BUILT_PRODUCTS_DIR)/food-search.app/$(BUNDLE_EXECUTABLE_FOLDER_PATH)/food-search";
			};
			name = Debug;
		};
		371A01732C6534620051A032 /* Release */ = {
			isa = XCBuildConfiguration;
			buildSettings = {
				ALWAYS_EMBED_SWIFT_STANDARD_LIBRARIES = YES;
				BUNDLE_LOADER = "$(TEST_HOST)";
				CODE_SIGN_STYLE = Automatic;
				CURRENT_PROJECT_VERSION = 1;
				DEVELOPMENT_TEAM = 56LME28RR4;
				GENERATE_INFOPLIST_FILE = YES;
				IPHONEOS_DEPLOYMENT_TARGET = 16.4;
				MARKETING_VERSION = 1.0;
				PRODUCT_BUNDLE_IDENTIFIER = "jdriselvato.food-searchTests";
				PRODUCT_NAME = "$(TARGET_NAME)";
				SWIFT_EMIT_LOC_STRINGS = NO;
				SWIFT_VERSION = 5.0;
				TARGETED_DEVICE_FAMILY = "1,2";
				TEST_HOST = "$(BUILT_PRODUCTS_DIR)/food-search.app/$(BUNDLE_EXECUTABLE_FOLDER_PATH)/food-search";
			};
			name = Release;
		};
		371A01752C6534620051A032 /* Debug */ = {
			isa = XCBuildConfiguration;
			buildSettings = {
				ALWAYS_EMBED_SWIFT_STANDARD_LIBRARIES = YES;
				CODE_SIGN_STYLE = Automatic;
				CURRENT_PROJECT_VERSION = 1;
				DEVELOPMENT_TEAM = 56LME28RR4;
				GENERATE_INFOPLIST_FILE = YES;
				MARKETING_VERSION = 1.0;
				PRODUCT_BUNDLE_IDENTIFIER = "jdriselvato.food-searchUITests";
				PRODUCT_NAME = "$(TARGET_NAME)";
				SWIFT_EMIT_LOC_STRINGS = NO;
				SWIFT_VERSION = 5.0;
				TARGETED_DEVICE_FAMILY = "1,2";
				TEST_TARGET_NAME = "food-search";
			};
			name = Debug;
		};
		371A01762C6534620051A032 /* Release */ = {
			isa = XCBuildConfiguration;
			buildSettings = {
				ALWAYS_EMBED_SWIFT_STANDARD_LIBRARIES = YES;
				CODE_SIGN_STYLE = Automatic;
				CURRENT_PROJECT_VERSION = 1;
				DEVELOPMENT_TEAM = 56LME28RR4;
				GENERATE_INFOPLIST_FILE = YES;
				MARKETING_VERSION = 1.0;
				PRODUCT_BUNDLE_IDENTIFIER = "jdriselvato.food-searchUITests";
				PRODUCT_NAME = "$(TARGET_NAME)";
				SWIFT_EMIT_LOC_STRINGS = NO;
				SWIFT_VERSION = 5.0;
				TARGETED_DEVICE_FAMILY = "1,2";
				TEST_TARGET_NAME = "food-search";
			};
			name = Release;
		};
/* End XCBuildConfiguration section */

/* Begin XCConfigurationList section */
		371A01402C65345B0051A032 /* Build configuration list for PBXProject "food-search" */ = {
			isa = XCConfigurationList;
			buildConfigurations = (
				371A016C2C6534620051A032 /* Debug */,
				371A016D2C6534620051A032 /* Release */,
			);
			defaultConfigurationIsVisible = 0;
			defaultConfigurationName = Release;
		};
		371A016E2C6534620051A032 /* Build configuration list for PBXNativeTarget "food-search" */ = {
			isa = XCConfigurationList;
			buildConfigurations = (
				371A016F2C6534620051A032 /* Debug */,
				371A01702C6534620051A032 /* Release */,
			);
			defaultConfigurationIsVisible = 0;
			defaultConfigurationName = Release;
		};
		371A01712C6534620051A032 /* Build configuration list for PBXNativeTarget "food-searchTests" */ = {
			isa = XCConfigurationList;
			buildConfigurations = (
				371A01722C6534620051A032 /* Debug */,
				371A01732C6534620051A032 /* Release */,
			);
			defaultConfigurationIsVisible = 0;
			defaultConfigurationName = Release;
		};
		371A01742C6534620051A032 /* Build configuration list for PBXNativeTarget "food-searchUITests" */ = {
			isa = XCConfigurationList;
			buildConfigurations = (
				371A01752C6534620051A032 /* Debug */,
				371A01762C6534620051A032 /* Release */,
			);
			defaultConfigurationIsVisible = 0;
			defaultConfigurationName = Release;
		};
/* End XCConfigurationList section */

/* Begin XCVersionGroup section */
		371A01532C6534610051A032 /* food_search.xcdatamodeld */ = {
			isa = XCVersionGroup;
			children = (
				371A01542C6534610051A032 /* food_search.xcdatamodel */,
			);
			currentVersion = 371A01542C6534610051A032 /* food_search.xcdatamodel */;
			path = food_search.xcdatamodeld;
			sourceTree = "<group>";
			versionGroupType = wrapper.xcdatamodel;
		};
/* End XCVersionGroup section */
	};
	rootObject = 371A013D2C65345B0051A032 /* Project object */;
}
